// !$*UTF8*$!
{
	archiveVersion = 1;
	classes = {
	};
	objectVersion = 46;
	objects = {

/* Begin PBXBuildFile section */
		9FB249421F5EB2B600AA5E33 /* AppDelegate.swift in Sources */ = {isa = PBXBuildFile; fileRef = 9FB249411F5EB2B600AA5E33 /* AppDelegate.swift */; };
		9FB249441F5EB2B600AA5E33 /* ViewController.swift in Sources */ = {isa = PBXBuildFile; fileRef = 9FB249431F5EB2B600AA5E33 /* ViewController.swift */; };
		9FB249471F5EB2B600AA5E33 /* Main.storyboard in Resources */ = {isa = PBXBuildFile; fileRef = 9FB249451F5EB2B600AA5E33 /* Main.storyboard */; };
		9FB249491F5EB2B600AA5E33 /* Assets.xcassets in Resources */ = {isa = PBXBuildFile; fileRef = 9FB249481F5EB2B600AA5E33 /* Assets.xcassets */; };
		9FB2494C1F5EB2B600AA5E33 /* LaunchScreen.storyboard in Resources */ = {isa = PBXBuildFile; fileRef = 9FB2494A1F5EB2B600AA5E33 /* LaunchScreen.storyboard */; };
/* End PBXBuildFile section */

/* Begin PBXFileReference section */
		9FB2493E1F5EB2B600AA5E33 /* UIImagePickerRadar.app */ = {isa = PBXFileReference; explicitFileType = wrapper.application; includeInIndex = 0; path = UIImagePickerRadar.app; sourceTree = BUILT_PRODUCTS_DIR; };
		9FB249411F5EB2B600AA5E33 /* AppDelegate.swift */ = {isa = PBXFileReference; lastKnownFileType = sourcecode.swift; path = AppDelegate.swift; sourceTree = "<group>"; };
		9FB249431F5EB2B600AA5E33 /* ViewController.swift */ = {isa = PBXFileReference; lastKnownFileType = sourcecode.swift; path = ViewController.swift; sourceTree = "<group>"; };
		9FB249461F5EB2B600AA5E33 /* Base */ = {isa = PBXFileReference; lastKnownFileType = file.storyboard; name = Base; path = Base.lproj/Main.storyboard; sourceTree = "<group>"; };
		9FB249481F5EB2B600AA5E33 /* Assets.xcassets */ = {isa = PBXFileReference; lastKnownFileType = folder.assetcatalog; path = Assets.xcassets; sourceTree = "<group>"; };
		9FB2494B1F5EB2B600AA5E33 /* Base */ = {isa = PBXFileReference; lastKnownFileType = file.storyboard; name = Base; path = Base.lproj/LaunchScreen.storyboard; sourceTree = "<group>"; };
		9FB2494D1F5EB2B600AA5E33 /* Info.plist */ = {isa = PBXFileReference; lastKnownFileType = text.plist.xml; path = Info.plist; sourceTree = "<group>"; };
/* End PBXFileReference section */

/* Begin PBXFrameworksBuildPhase section */
		9FB2493B1F5EB2B600AA5E33 /* Frameworks */ = {
			isa = PBXFrameworksBuildPhase;
			buildActionMask = 2147483647;
			files = (
			);
			runOnlyForDeploymentPostprocessing = 0;
		};
/* End PBXFrameworksBuildPhase section */

/* Begin PBXGroup section */
		9FB249351F5EB2B600AA5E33 = {
			isa = PBXGroup;
			children = (
				9FB249401F5EB2B600AA5E33 /* UIImagePickerRadar */,
				9FB2493F1F5EB2B600AA5E33 /* Products */,
			);
			sourceTree = "<group>";
		};
		9FB2493F1F5EB2B600AA5E33 /* Products */ = {
			isa = PBXGroup;
			children = (
				9FB2493E1F5EB2B600AA5E33 /* UIImagePickerRadar.app */,
			);
			name = Products;
			sourceTree = "<group>";
		};
		9FB249401F5EB2B600AA5E33 /* UIImagePickerRadar */ = {
			isa = PBXGroup;
			children = (
				9FB249411F5EB2B600AA5E33 /* AppDelegate.swift */,
				9FB249431F5EB2B600AA5E33 /* ViewController.swift */,
				9FB249451F5EB2B600AA5E33 /* Main.storyboard */,
				9FB249481F5EB2B600AA5E33 /* Assets.xcassets */,
				9FB2494A1F5EB2B600AA5E33 /* LaunchScreen.storyboard */,
				9FB2494D1F5EB2B600AA5E33 /* Info.plist */,
			);
			path = UIImagePickerRadar;
			sourceTree = "<group>";
		};
/* End PBXGroup section */

/* Begin PBXNativeTarget section */
		9FB2493D1F5EB2B600AA5E33 /* UIImagePickerRadar */ = {
			isa = PBXNativeTarget;
			buildConfigurationList = 9FB249501F5EB2B600AA5E33 /* Build configuration list for PBXNativeTarget "UIImagePickerRadar" */;
			buildPhases = (
				9FB2493A1F5EB2B600AA5E33 /* Sources */,
				9FB2493B1F5EB2B600AA5E33 /* Frameworks */,
				9FB2493C1F5EB2B600AA5E33 /* Resources */,
			);
			buildRules = (
			);
			dependencies = (
			);
			name = UIImagePickerRadar;
			productName = UIImagePickerRadar;
			productReference = 9FB2493E1F5EB2B600AA5E33 /* UIImagePickerRadar.app */;
			productType = "com.apple.product-type.application";
		};
/* End PBXNativeTarget section */

/* Begin PBXProject section */
		9FB249361F5EB2B600AA5E33 /* Project object */ = {
			isa = PBXProject;
			attributes = {
				LastSwiftUpdateCheck = 0830;
				LastUpgradeCheck = 0830;
				ORGANIZATIONNAME = Alex;
				TargetAttributes = {
					9FB2493D1F5EB2B600AA5E33 = {
						CreatedOnToolsVersion = 8.3.3;
						DevelopmentTeam = 5MGEMLZRS4;
						ProvisioningStyle = Automatic;
					};
				};
			};
			buildConfigurationList = 9FB249391F5EB2B600AA5E33 /* Build configuration list for PBXProject "UIImagePickerRadar" */;
			compatibilityVersion = "Xcode 3.2";
			developmentRegion = English;
			hasScannedForEncodings = 0;
			knownRegions = (
				en,
				Base,
			);
			mainGroup = 9FB249351F5EB2B600AA5E33;
			productRefGroup = 9FB2493F1F5EB2B600AA5E33 /* Products */;
			projectDirPath = "";
			projectRoot = "";
			targets = (
				9FB2493D1F5EB2B600AA5E33 /* UIImagePickerRadar */,
			);
		};
/* End PBXProject section */

/* Begin PBXResourcesBuildPhase section */
		9FB2493C1F5EB2B600AA5E33 /* Resources */ = {
			isa = PBXResourcesBuildPhase;
			buildActionMask = 2147483647;
			files = (
				9FB2494C1F5EB2B600AA5E33 /* LaunchScreen.storyboard in Resources */,
				9FB249491F5EB2B600AA5E33 /* Assets.xcassets in Resources */,
				9FB249471F5EB2B600AA5E33 /* Main.storyboard in Resources */,
			);
			runOnlyForDeploymentPostprocessing = 0;
		};
/* End PBXResourcesBuildPhase section */

/* Begin PBXSourcesBuildPhase section */
		9FB2493A1F5EB2B600AA5E33 /* Sources */ = {
			isa = PBXSourcesBuildPhase;
			buildActionMask = 2147483647;
			files = (
				9FB249441F5EB2B600AA5E33 /* ViewController.swift in Sources */,
				9FB249421F5EB2B600AA5E33 /* AppDelegate.swift in Sources */,
			);
			runOnlyForDeploymentPostprocessing = 0;
		};
/* End PBXSourcesBuildPhase section */

/* Begin PBXVariantGroup section */
		9FB249451F5EB2B600AA5E33 /* Main.storyboard */ = {
			isa = PBXVariantGroup;
			children = (
				9FB249461F5EB2B600AA5E33 /* Base */,
			);
			name = Main.storyboard;
			sourceTree = "<group>";
		};
		9FB2494A1F5EB2B600AA5E33 /* LaunchScreen.storyboard */ = {
			isa = PBXVariantGroup;
			children = (
				9FB2494B1F5EB2B600AA5E33 /* Base */,
			);
			name = LaunchScreen.storyboard;
			sourceTree = "<group>";
		};
/* End PBXVariantGroup section */

/* Begin XCBuildConfiguration section */
		9FB2494E1F5EB2B600AA5E33 /* Debug */ = {
			isa = XCBuildConfiguration;
			buildSettings = {
				ALWAYS_SEARCH_USER_PATHS = NO;
				CLANG_ANALYZER_NONNULL = YES;
				CLANG_ANALYZER_NUMBER_OBJECT_CONVERSION = YES_AGGRESSIVE;
				CLANG_CXX_LANGUAGE_STANDARD = "gnu++0x";
				CLANG_CXX_LIBRARY = "libc++";
				CLANG_ENABLE_MODULES = YES;
				CLANG_ENABLE_OBJC_ARC = YES;
				CLANG_WARN_BOOL_CONVERSION = YES;
				CLANG_WARN_CONSTANT_CONVERSION = YES;
				CLANG_WARN_DIRECT_OBJC_ISA_USAGE = YES_ERROR;
				CLANG_WARN_DOCUMENTATION_COMMENTS = YES;
				CLANG_WARN_EMPTY_BODY = YES;
				CLANG_WARN_ENUM_CONVERSION = YES;
				CLANG_WARN_INFINITE_RECURSION = YES;
				CLANG_WARN_INT_CONVERSION = YES;
				CLANG_WARN_OBJC_ROOT_CLASS = YES_ERROR;
				CLANG_WARN_SUSPICIOUS_MOVE = YES;
				CLANG_WARN_UNREACHABLE_CODE = YES;
				CLANG_WARN__DUPLICATE_METHOD_MATCH = YES;
				"CODE_SIGN_IDENTITY[sdk=iphoneos*]" = "iPhone Developer";
				COPY_PHASE_STRIP = NO;
				DEBUG_INFORMATION_FORMAT = dwarf;
				ENABLE_STRICT_OBJC_MSGSEND = YES;
				ENABLE_TESTABILITY = YES;
				GCC_C_LANGUAGE_STANDARD = gnu99;
				GCC_DYNAMIC_NO_PIC = NO;
				GCC_NO_COMMON_BLOCKS = YES;
				GCC_OPTIMIZATION_LEVEL = 0;
				GCC_PREPROCESSOR_DEFINITIONS = (
					"DEBUG=1",
					"$(inherited)",
				);
				GCC_WARN_64_TO_32_BIT_CONVERSION = YES;
				GCC_WARN_ABOUT_RETURN_TYPE = YES_ERROR;
				GCC_WARN_UNDECLARED_SELECTOR = YES;
				GCC_WARN_UNINITIALIZED_AUTOS = YES_AGGRESSIVE;
				GCC_WARN_UNUSED_FUNCTION = YES;
				GCC_WARN_UNUSED_VARIABLE = YES;
				IPHONEOS_DEPLOYMENT_TARGET = 10.3;
				MTL_ENABLE_DEBUG_INFO = YES;
				ONLY_ACTIVE_ARCH = YES;
				SDKROOT = iphoneos;
				SWIFT_ACTIVE_COMPILATION_CONDITIONS = DEBUG;
				SWIFT_OPTIMIZATION_LEVEL = "-Onone";
			};
			name = Debug;
		};
		9FB2494F1F5EB2B600AA5E33 /* Release */ = {
			isa = XCBuildConfiguration;
			buildSettings = {
				ALWAYS_SEARCH_USER_PATHS = NO;
				CLANG_ANALYZER_NONNULL = YES;
				CLANG_ANALYZER_NUMBER_OBJECT_CONVERSION = YES_AGGRESSIVE;
				CLANG_CXX_LANGUAGE_STANDARD = "gnu++0x";
				CLANG_CXX_LIBRARY = "libc++";
				CLANG_ENABLE_MODULES = YES;
				CLANG_ENABLE_OBJC_ARC = YES;
				CLANG_WARN_BOOL_CONVERSION = YES;
				CLANG_WARN_CONSTANT_CONVERSION = YES;
				CLANG_WARN_DIRECT_OBJC_ISA_USAGE = YES_ERROR;
				CLANG_WARN_DOCUMENTATION_COMMENTS = YES;
				CLANG_WARN_EMPTY_BODY = YES;
				CLANG_WARN_ENUM_CONVERSION = YES;
				CLANG_WARN_INFINITE_RECURSION = YES;
				CLANG_WARN_INT_CONVERSION = YES;
				CLANG_WARN_OBJC_ROOT_CLASS = YES_ERROR;
				CLANG_WARN_SUSPICIOUS_MOVE = YES;
				CLANG_WARN_UNREACHABLE_CODE = YES;
				CLANG_WARN__DUPLICATE_METHOD_MATCH = YES;
				"CODE_SIGN_IDENTITY[sdk=iphoneos*]" = "iPhone Developer";
				COPY_PHASE_STRIP = NO;
				DEBUG_INFORMATION_FORMAT = "dwarf-with-dsym";
				ENABLE_NS_ASSERTIONS = NO;
				ENABLE_STRICT_OBJC_MSGSEND = YES;
				GCC_C_LANGUAGE_STANDARD = gnu99;
				GCC_NO_COMMON_BLOCKS = YES;
				GCC_WARN_64_TO_32_BIT_CONVERSION = YES;
				GCC_WARN_ABOUT_RETURN_TYPE = YES_ERROR;
				GCC_WARN_UNDECLARED_SELECTOR = YES;
				GCC_WARN_UNINITIALIZED_AUTOS = YES_AGGRESSIVE;
				GCC_WARN_UNUSED_FUNCTION = YES;
				GCC_WARN_UNUSED_VARIABLE = YES;
				IPHONEOS_DEPLOYMENT_TARGET = 10.3;
				MTL_ENABLE_DEBUG_INFO = NO;
				SDKROOT = iphoneos;
				SWIFT_OPTIMIZATION_LEVEL = "-Owholemodule";
				VALIDATE_PRODUCT = YES;
			};
			name = Release;
		};
		9FB249511F5EB2B600AA5E33 /* Debug */ = {
			isa = XCBuildConfiguration;
			buildSettings = {
				ASSETCATALOG_COMPILER_APPICON_NAME = AppIcon;
				DEVELOPMENT_TEAM = 5MGEMLZRS4;
				INFOPLIST_FILE = UIImagePickerRadar/Info.plist;
				LD_RUNPATH_SEARCH_PATHS = "$(inherited) @executable_path/Frameworks";
				PRODUCT_BUNDLE_IDENTIFIER = alex.UIImagePickerRadar;
				PRODUCT_NAME = "$(TARGET_NAME)";
				SWIFT_VERSION = 3.0;
			};
			name = Debug;
		};
		9FB249521F5EB2B600AA5E33 /* Release */ = {
			isa = XCBuildConfiguration;
			buildSettings = {
				ASSETCATALOG_COMPILER_APPICON_NAME = AppIcon;
				DEVELOPMENT_TEAM = 5MGEMLZRS4;
				INFOPLIST_FILE = UIImagePickerRadar/Info.plist;
				LD_RUNPATH_SEARCH_PATHS = "$(inherited) @executable_path/Frameworks";
				PRODUCT_BUNDLE_IDENTIFIER = alex.UIImagePickerRadar;
				PRODUCT_NAME = "$(TARGET_NAME)";
				SWIFT_VERSION = 3.0;
			};
			name = Release;
		};
/* End XCBuildConfiguration section */

/* Begin XCConfigurationList section */
		9FB249391F5EB2B600AA5E33 /* Build configuration list for PBXProject "UIImagePickerRadar" */ = {
			isa = XCConfigurationList;
			buildConfigurations = (
				9FB2494E1F5EB2B600AA5E33 /* Debug */,
				9FB2494F1F5EB2B600AA5E33 /* Release */,
			);
			defaultConfigurationIsVisible = 0;
			defaultConfigurationName = Release;
		};
		9FB249501F5EB2B600AA5E33 /* Build configuration list for PBXNativeTarget "UIImagePickerRadar" */ = {
			isa = XCConfigurationList;
			buildConfigurations = (
				9FB249511F5EB2B600AA5E33 /* Debug */,
				9FB249521F5EB2B600AA5E33 /* Release */,
			);
			defaultConfigurationIsVisible = 0;
		};
/* End XCConfigurationList section */
	};
	rootObject = 9FB249361F5EB2B600AA5E33 /* Project object */;
}
